
Microsoft Visual Studio Solution File, Format Version 12.00
# Visual Studio Version 17
VisualStudioVersion = 17.4.33213.308
MinimumVisualStudioVersion = 10.0.40219.1
Project("{FAE04EC0-301F-11D3-BF4B-00C04F79EFBC}") = "LR_forms_calculator", "LR_forms_calculator\LR_forms_calculator.csproj", "{07A0129C-104F-486F-8921-1E57D493B862}"
EndProject
Global
	GlobalSection(SolutionConfigurationPlatforms) = preSolution
		Debug|Any CPU = Debug|Any CPU
		Release|Any CPU = Release|Any CPU
	EndGlobalSection
	GlobalSection(ProjectConfigurationPlatforms) = postSolution
		{07A0129C-104F-486F-8921-1E57D493B862}.Debug|Any CPU.ActiveCfg = Debug|Any CPU
		{07A0129C-104F-486F-8921-1E57D493B862}.Debug|Any CPU.Build.0 = Debug|Any CPU
		{07A0129C-104F-486F-8921-1E57D493B862}.Release|Any CPU.ActiveCfg = Release|Any CPU
		{07A0129C-104F-486F-8921-1E57D493B862}.Release|Any CPU.Build.0 = Release|Any CPU
	EndGlobalSection
	GlobalSection(SolutionProperties) = preSolution
		HideSolutionNode = FALSE
	EndGlobalSection
	GlobalSection(ExtensibilityGlobals) = postSolution
		SolutionGuid = {9388EB65-C12A-4999-8A74-E0956C9B4B09}
	EndGlobalSection
EndGlobal
