
Microsoft Visual Studio Solution File, Format Version 12.00
# Visual Studio Version 17
VisualStudioVersion = 17.3.32901.215
MinimumVisualStudioVersion = 10.0.40219.1
Project("{FAE04EC0-301F-11D3-BF4B-00C04F79EFBC}") = "LR4", "LR4\LR4.csproj", "{091F9CBD-9DDD-4290-8DC9-F0119CD78DC1}"
EndProject
Global
	GlobalSection(SolutionConfigurationPlatforms) = preSolution
		Debug|Any CPU = Debug|Any CPU
		Release|Any CPU = Release|Any CPU
	EndGlobalSection
	GlobalSection(ProjectConfigurationPlatforms) = postSolution
		{091F9CBD-9DDD-4290-8DC9-F0119CD78DC1}.Debug|Any CPU.ActiveCfg = Debug|Any CPU
		{091F9CBD-9DDD-4290-8DC9-F0119CD78DC1}.Debug|Any CPU.Build.0 = Debug|Any CPU
		{091F9CBD-9DDD-4290-8DC9-F0119CD78DC1}.Release|Any CPU.ActiveCfg = Release|Any CPU
		{091F9CBD-9DDD-4290-8DC9-F0119CD78DC1}.Release|Any CPU.Build.0 = Release|Any CPU
	EndGlobalSection
	GlobalSection(SolutionProperties) = preSolution
		HideSolutionNode = FALSE
	EndGlobalSection
	GlobalSection(ExtensibilityGlobals) = postSolution
		SolutionGuid = {9AC0C178-5E04-4701-A773-96C26FFF626E}
	EndGlobalSection
EndGlobal
